// !$*UTF8*$!
{
	archiveVersion = 1;
	classes = {
	};
	objectVersion = 56;
	objects = {

/* Begin PBXBuildFile section */
		922E60C12983FDA600F2C30D /* AppDelegate.swift in Sources */ = {isa = PBXBuildFile; fileRef = 922E60C02983FDA600F2C30D /* AppDelegate.swift */; };
		922E60C32983FDA600F2C30D /* SceneDelegate.swift in Sources */ = {isa = PBXBuildFile; fileRef = 922E60C22983FDA600F2C30D /* SceneDelegate.swift */; };
		922E60C52983FDA600F2C30D /* LoginViewController.swift in Sources */ = {isa = PBXBuildFile; fileRef = 922E60C42983FDA600F2C30D /* LoginViewController.swift */; };
		922E60C82983FDA600F2C30D /* Main.storyboard in Resources */ = {isa = PBXBuildFile; fileRef = 922E60C62983FDA600F2C30D /* Main.storyboard */; };
		922E60CA2983FDA700F2C30D /* Assets.xcassets in Resources */ = {isa = PBXBuildFile; fileRef = 922E60C92983FDA700F2C30D /* Assets.xcassets */; };
		922E60CD2983FDA700F2C30D /* LaunchScreen.storyboard in Resources */ = {isa = PBXBuildFile; fileRef = 922E60CB2983FDA700F2C30D /* LaunchScreen.storyboard */; };
		922E60DA2984155100F2C30D /* SelectAmmoScreenController.swift in Sources */ = {isa = PBXBuildFile; fileRef = 922E60D92984155100F2C30D /* SelectAmmoScreenController.swift */; };
		922E60DC2984214200F2C30D /* SelectTableViewCell.swift in Sources */ = {isa = PBXBuildFile; fileRef = 922E60DB2984214200F2C30D /* SelectTableViewCell.swift */; };
		922E60DF29842B6700F2C30D /* StageReloadingAmmoController.swift in Sources */ = {isa = PBXBuildFile; fileRef = 922E60DE29842B6700F2C30D /* StageReloadingAmmoController.swift */; };
/* End PBXBuildFile section */

/* Begin PBXFileReference section */
		922E60BD2983FDA600F2C30D /* ReloadingAmmo.app */ = {isa = PBXFileReference; explicitFileType = wrapper.application; includeInIndex = 0; path = ReloadingAmmo.app; sourceTree = BUILT_PRODUCTS_DIR; };
		922E60C02983FDA600F2C30D /* AppDelegate.swift */ = {isa = PBXFileReference; lastKnownFileType = sourcecode.swift; path = AppDelegate.swift; sourceTree = "<group>"; };
		922E60C22983FDA600F2C30D /* SceneDelegate.swift */ = {isa = PBXFileReference; lastKnownFileType = sourcecode.swift; path = SceneDelegate.swift; sourceTree = "<group>"; };
		922E60C42983FDA600F2C30D /* LoginViewController.swift */ = {isa = PBXFileReference; lastKnownFileType = sourcecode.swift; path = LoginViewController.swift; sourceTree = "<group>"; };
		922E60C72983FDA600F2C30D /* Base */ = {isa = PBXFileReference; lastKnownFileType = file.storyboard; name = Base; path = Base.lproj/Main.storyboard; sourceTree = "<group>"; };
		922E60C92983FDA700F2C30D /* Assets.xcassets */ = {isa = PBXFileReference; lastKnownFileType = folder.assetcatalog; path = Assets.xcassets; sourceTree = "<group>"; };
		922E60CC2983FDA700F2C30D /* Base */ = {isa = PBXFileReference; lastKnownFileType = file.storyboard; name = Base; path = Base.lproj/LaunchScreen.storyboard; sourceTree = "<group>"; };
		922E60CE2983FDA700F2C30D /* Info.plist */ = {isa = PBXFileReference; lastKnownFileType = text.plist.xml; path = Info.plist; sourceTree = "<group>"; };
		922E60D92984155100F2C30D /* SelectAmmoScreenController.swift */ = {isa = PBXFileReference; lastKnownFileType = sourcecode.swift; path = SelectAmmoScreenController.swift; sourceTree = "<group>"; };
		922E60DB2984214200F2C30D /* SelectTableViewCell.swift */ = {isa = PBXFileReference; lastKnownFileType = sourcecode.swift; path = SelectTableViewCell.swift; sourceTree = "<group>"; };
		922E60DE29842B6700F2C30D /* StageReloadingAmmoController.swift */ = {isa = PBXFileReference; lastKnownFileType = sourcecode.swift; path = StageReloadingAmmoController.swift; sourceTree = "<group>"; };
/* End PBXFileReference section */

/* Begin PBXFrameworksBuildPhase section */
		922E60BA2983FDA600F2C30D /* Frameworks */ = {
			isa = PBXFrameworksBuildPhase;
			buildActionMask = 2147483647;
			files = (
			);
			runOnlyForDeploymentPostprocessing = 0;
		};
/* End PBXFrameworksBuildPhase section */

/* Begin PBXGroup section */
		922E60B42983FDA600F2C30D = {
			isa = PBXGroup;
			children = (
				922E60BF2983FDA600F2C30D /* ReloadingAmmo */,
				922E60BE2983FDA600F2C30D /* Products */,
			);
			sourceTree = "<group>";
		};
		922E60BE2983FDA600F2C30D /* Products */ = {
			isa = PBXGroup;
			children = (
				922E60BD2983FDA600F2C30D /* ReloadingAmmo.app */,
			);
			name = Products;
			sourceTree = "<group>";
		};
		922E60BF2983FDA600F2C30D /* ReloadingAmmo */ = {
			isa = PBXGroup;
			children = (
				922E60D629840E2400F2C30D /* LoginScreen */,
				922E60D8298414EA00F2C30D /* SelectAmmoScreen */,
				922E60DD29842AEE00F2C30D /* StageReloadingAmmoScreen */,
				922E60D429840DED00F2C30D /* Network */,
				922E60C02983FDA600F2C30D /* AppDelegate.swift */,
				922E60C22983FDA600F2C30D /* SceneDelegate.swift */,
				922E60C62983FDA600F2C30D /* Main.storyboard */,
				922E60C92983FDA700F2C30D /* Assets.xcassets */,
				922E60CB2983FDA700F2C30D /* LaunchScreen.storyboard */,
				922E60CE2983FDA700F2C30D /* Info.plist */,
			);
			path = ReloadingAmmo;
			sourceTree = "<group>";
		};
		922E60D429840DED00F2C30D /* Network */ = {
			isa = PBXGroup;
			children = (
			);
			path = Network;
			sourceTree = "<group>";
		};
		922E60D629840E2400F2C30D /* LoginScreen */ = {
			isa = PBXGroup;
			children = (
				922E60C42983FDA600F2C30D /* LoginViewController.swift */,
			);
			path = LoginScreen;
			sourceTree = "<group>";
		};
		922E60D8298414EA00F2C30D /* SelectAmmoScreen */ = {
			isa = PBXGroup;
			children = (
				922E60D92984155100F2C30D /* SelectAmmoScreenController.swift */,
				922E60DB2984214200F2C30D /* SelectTableViewCell.swift */,
			);
			path = SelectAmmoScreen;
			sourceTree = "<group>";
		};
		922E60DD29842AEE00F2C30D /* StageReloadingAmmoScreen */ = {
			isa = PBXGroup;
			children = (
				922E60DE29842B6700F2C30D /* StageReloadingAmmoController.swift */,
			);
			path = StageReloadingAmmoScreen;
			sourceTree = "<group>";
		};
/* End PBXGroup section */

/* Begin PBXNativeTarget section */
		922E60BC2983FDA600F2C30D /* ReloadingAmmo */ = {
			isa = PBXNativeTarget;
			buildConfigurationList = 922E60D12983FDA700F2C30D /* Build configuration list for PBXNativeTarget "ReloadingAmmo" */;
			buildPhases = (
				922E60B92983FDA600F2C30D /* Sources */,
				922E60BA2983FDA600F2C30D /* Frameworks */,
				922E60BB2983FDA600F2C30D /* Resources */,
			);
			buildRules = (
			);
			dependencies = (
			);
			name = ReloadingAmmo;
			productName = ReloadingAmmo;
			productReference = 922E60BD2983FDA600F2C30D /* ReloadingAmmo.app */;
			productType = "com.apple.product-type.application";
		};
/* End PBXNativeTarget section */

/* Begin PBXProject section */
		922E60B52983FDA600F2C30D /* Project object */ = {
			isa = PBXProject;
			attributes = {
				BuildIndependentTargetsInParallel = 1;
				LastSwiftUpdateCheck = 1420;
				LastUpgradeCheck = 1420;
				TargetAttributes = {
					922E60BC2983FDA600F2C30D = {
						CreatedOnToolsVersion = 14.2;
					};
				};
			};
			buildConfigurationList = 922E60B82983FDA600F2C30D /* Build configuration list for PBXProject "ReloadingAmmo" */;
			compatibilityVersion = "Xcode 14.0";
			developmentRegion = en;
			hasScannedForEncodings = 0;
			knownRegions = (
				en,
				Base,
			);
			mainGroup = 922E60B42983FDA600F2C30D;
			productRefGroup = 922E60BE2983FDA600F2C30D /* Products */;
			projectDirPath = "";
			projectRoot = "";
			targets = (
				922E60BC2983FDA600F2C30D /* ReloadingAmmo */,
			);
		};
/* End PBXProject section */

/* Begin PBXResourcesBuildPhase section */
		922E60BB2983FDA600F2C30D /* Resources */ = {
			isa = PBXResourcesBuildPhase;
			buildActionMask = 2147483647;
			files = (
				922E60CD2983FDA700F2C30D /* LaunchScreen.storyboard in Resources */,
				922E60CA2983FDA700F2C30D /* Assets.xcassets in Resources */,
				922E60C82983FDA600F2C30D /* Main.storyboard in Resources */,
			);
			runOnlyForDeploymentPostprocessing = 0;
		};
/* End PBXResourcesBuildPhase section */

/* Begin PBXSourcesBuildPhase section */
		922E60B92983FDA600F2C30D /* Sources */ = {
			isa = PBXSourcesBuildPhase;
			buildActionMask = 2147483647;
			files = (
				922E60C52983FDA600F2C30D /* LoginViewController.swift in Sources */,
				922E60C12983FDA600F2C30D /* AppDelegate.swift in Sources */,
				922E60DF29842B6700F2C30D /* StageReloadingAmmoController.swift in Sources */,
				922E60DA2984155100F2C30D /* SelectAmmoScreenController.swift in Sources */,
				922E60C32983FDA600F2C30D /* SceneDelegate.swift in Sources */,
				922E60DC2984214200F2C30D /* SelectTableViewCell.swift in Sources */,
			);
			runOnlyForDeploymentPostprocessing = 0;
		};
/* End PBXSourcesBuildPhase section */

/* Begin PBXVariantGroup section */
		922E60C62983FDA600F2C30D /* Main.storyboard */ = {
			isa = PBXVariantGroup;
			children = (
				922E60C72983FDA600F2C30D /* Base */,
			);
			name = Main.storyboard;
			sourceTree = "<group>";
		};
		922E60CB2983FDA700F2C30D /* LaunchScreen.storyboard */ = {
			isa = PBXVariantGroup;
			children = (
				922E60CC2983FDA700F2C30D /* Base */,
			);
			name = LaunchScreen.storyboard;
			sourceTree = "<group>";
		};
/* End PBXVariantGroup section */

/* Begin XCBuildConfiguration section */
		922E60CF2983FDA700F2C30D /* Debug */ = {
			isa = XCBuildConfiguration;
			buildSettings = {
				ALWAYS_SEARCH_USER_PATHS = NO;
				CLANG_ANALYZER_NONNULL = YES;
				CLANG_ANALYZER_NUMBER_OBJECT_CONVERSION = YES_AGGRESSIVE;
				CLANG_CXX_LANGUAGE_STANDARD = "gnu++20";
				CLANG_ENABLE_MODULES = YES;
				CLANG_ENABLE_OBJC_ARC = YES;
				CLANG_ENABLE_OBJC_WEAK = YES;
				CLANG_WARN_BLOCK_CAPTURE_AUTORELEASING = YES;
				CLANG_WARN_BOOL_CONVERSION = YES;
				CLANG_WARN_COMMA = YES;
				CLANG_WARN_CONSTANT_CONVERSION = YES;
				CLANG_WARN_DEPRECATED_OBJC_IMPLEMENTATIONS = YES;
				CLANG_WARN_DIRECT_OBJC_ISA_USAGE = YES_ERROR;
				CLANG_WARN_DOCUMENTATION_COMMENTS = YES;
				CLANG_WARN_EMPTY_BODY = YES;
				CLANG_WARN_ENUM_CONVERSION = YES;
				CLANG_WARN_INFINITE_RECURSION = YES;
				CLANG_WARN_INT_CONVERSION = YES;
				CLANG_WARN_NON_LITERAL_NULL_CONVERSION = YES;
				CLANG_WARN_OBJC_IMPLICIT_RETAIN_SELF = YES;
				CLANG_WARN_OBJC_LITERAL_CONVERSION = YES;
				CLANG_WARN_OBJC_ROOT_CLASS = YES_ERROR;
				CLANG_WARN_QUOTED_INCLUDE_IN_FRAMEWORK_HEADER = YES;
				CLANG_WARN_RANGE_LOOP_ANALYSIS = YES;
				CLANG_WARN_STRICT_PROTOTYPES = YES;
				CLANG_WARN_SUSPICIOUS_MOVE = YES;
				CLANG_WARN_UNGUARDED_AVAILABILITY = YES_AGGRESSIVE;
				CLANG_WARN_UNREACHABLE_CODE = YES;
				CLANG_WARN__DUPLICATE_METHOD_MATCH = YES;
				COPY_PHASE_STRIP = NO;
				DEBUG_INFORMATION_FORMAT = dwarf;
				ENABLE_STRICT_OBJC_MSGSEND = YES;
				ENABLE_TESTABILITY = YES;
				GCC_C_LANGUAGE_STANDARD = gnu11;
				GCC_DYNAMIC_NO_PIC = NO;
				GCC_NO_COMMON_BLOCKS = YES;
				GCC_OPTIMIZATION_LEVEL = 0;
				GCC_PREPROCESSOR_DEFINITIONS = (
					"DEBUG=1",
					"$(inherited)",
				);
				GCC_WARN_64_TO_32_BIT_CONVERSION = YES;
				GCC_WARN_ABOUT_RETURN_TYPE = YES_ERROR;
				GCC_WARN_UNDECLARED_SELECTOR = YES;
				GCC_WARN_UNINITIALIZED_AUTOS = YES_AGGRESSIVE;
				GCC_WARN_UNUSED_FUNCTION = YES;
				GCC_WARN_UNUSED_VARIABLE = YES;
				IPHONEOS_DEPLOYMENT_TARGET = 16.2;
				MTL_ENABLE_DEBUG_INFO = INCLUDE_SOURCE;
				MTL_FAST_MATH = YES;
				ONLY_ACTIVE_ARCH = YES;
				SDKROOT = iphoneos;
				SWIFT_ACTIVE_COMPILATION_CONDITIONS = DEBUG;
				SWIFT_OPTIMIZATION_LEVEL = "-Onone";
			};
			name = Debug;
		};
		922E60D02983FDA700F2C30D /* Release */ = {
			isa = XCBuildConfiguration;
			buildSettings = {
				ALWAYS_SEARCH_USER_PATHS = NO;
				CLANG_ANALYZER_NONNULL = YES;
				CLANG_ANALYZER_NUMBER_OBJECT_CONVERSION = YES_AGGRESSIVE;
				CLANG_CXX_LANGUAGE_STANDARD = "gnu++20";
				CLANG_ENABLE_MODULES = YES;
				CLANG_ENABLE_OBJC_ARC = YES;
				CLANG_ENABLE_OBJC_WEAK = YES;
				CLANG_WARN_BLOCK_CAPTURE_AUTORELEASING = YES;
				CLANG_WARN_BOOL_CONVERSION = YES;
				CLANG_WARN_COMMA = YES;
				CLANG_WARN_CONSTANT_CONVERSION = YES;
				CLANG_WARN_DEPRECATED_OBJC_IMPLEMENTATIONS = YES;
				CLANG_WARN_DIRECT_OBJC_ISA_USAGE = YES_ERROR;
				CLANG_WARN_DOCUMENTATION_COMMENTS = YES;
				CLANG_WARN_EMPTY_BODY = YES;
				CLANG_WARN_ENUM_CONVERSION = YES;
				CLANG_WARN_INFINITE_RECURSION = YES;
				CLANG_WARN_INT_CONVERSION = YES;
				CLANG_WARN_NON_LITERAL_NULL_CONVERSION = YES;
				CLANG_WARN_OBJC_IMPLICIT_RETAIN_SELF = YES;
				CLANG_WARN_OBJC_LITERAL_CONVERSION = YES;
				CLANG_WARN_OBJC_ROOT_CLASS = YES_ERROR;
				CLANG_WARN_QUOTED_INCLUDE_IN_FRAMEWORK_HEADER = YES;
				CLANG_WARN_RANGE_LOOP_ANALYSIS = YES;
				CLANG_WARN_STRICT_PROTOTYPES = YES;
				CLANG_WARN_SUSPICIOUS_MOVE = YES;
				CLANG_WARN_UNGUARDED_AVAILABILITY = YES_AGGRESSIVE;
				CLANG_WARN_UNREACHABLE_CODE = YES;
				CLANG_WARN__DUPLICATE_METHOD_MATCH = YES;
				COPY_PHASE_STRIP = NO;
				DEBUG_INFORMATION_FORMAT = "dwarf-with-dsym";
				ENABLE_NS_ASSERTIONS = NO;
				ENABLE_STRICT_OBJC_MSGSEND = YES;
				GCC_C_LANGUAGE_STANDARD = gnu11;
				GCC_NO_COMMON_BLOCKS = YES;
				GCC_WARN_64_TO_32_BIT_CONVERSION = YES;
				GCC_WARN_ABOUT_RETURN_TYPE = YES_ERROR;
				GCC_WARN_UNDECLARED_SELECTOR = YES;
				GCC_WARN_UNINITIALIZED_AUTOS = YES_AGGRESSIVE;
				GCC_WARN_UNUSED_FUNCTION = YES;
				GCC_WARN_UNUSED_VARIABLE = YES;
				IPHONEOS_DEPLOYMENT_TARGET = 16.2;
				MTL_ENABLE_DEBUG_INFO = NO;
				MTL_FAST_MATH = YES;
				SDKROOT = iphoneos;
				SWIFT_COMPILATION_MODE = wholemodule;
				SWIFT_OPTIMIZATION_LEVEL = "-O";
				VALIDATE_PRODUCT = YES;
			};
			name = Release;
		};
		922E60D22983FDA700F2C30D /* Debug */ = {
			isa = XCBuildConfiguration;
			buildSettings = {
				ASSETCATALOG_COMPILER_APPICON_NAME = AppIcon;
				ASSETCATALOG_COMPILER_GLOBAL_ACCENT_COLOR_NAME = AccentColor;
				CODE_SIGN_STYLE = Automatic;
				CURRENT_PROJECT_VERSION = 1;
				DEVELOPMENT_TEAM = MMAZQ8FWW6;
				GENERATE_INFOPLIST_FILE = YES;
				INFOPLIST_FILE = ReloadingAmmo/Info.plist;
				INFOPLIST_KEY_UIApplicationSupportsIndirectInputEvents = YES;
				INFOPLIST_KEY_UILaunchStoryboardName = LaunchScreen;
				INFOPLIST_KEY_UIMainStoryboardFile = Main;
				INFOPLIST_KEY_UISupportedInterfaceOrientations = "UIInterfaceOrientationPortrait UIInterfaceOrientationPortraitUpsideDown";
				INFOPLIST_KEY_UISupportedInterfaceOrientations_iPad = "UIInterfaceOrientationLandscapeLeft UIInterfaceOrientationLandscapeRight UIInterfaceOrientationPortrait UIInterfaceOrientationPortraitUpsideDown";
				LD_RUNPATH_SEARCH_PATHS = (
					"$(inherited)",
					"@executable_path/Frameworks",
				);
				MARKETING_VERSION = 1.0;
				PRODUCT_BUNDLE_IDENTIFIER = den.ReloadingAmmo;
				PRODUCT_NAME = "$(TARGET_NAME)";
				SUPPORTED_PLATFORMS = "iphoneos iphonesimulator";
				SUPPORTS_MACCATALYST = NO;
				SUPPORTS_MAC_DESIGNED_FOR_IPHONE_IPAD = NO;
				SWIFT_EMIT_LOC_STRINGS = YES;
				SWIFT_VERSION = 5.0;
				TARGETED_DEVICE_FAMILY = 1;
			};
			name = Debug;
		};
		922E60D32983FDA700F2C30D /* Release */ = {
			isa = XCBuildConfiguration;
			buildSettings = {
				ASSETCATALOG_COMPILER_APPICON_NAME = AppIcon;
				ASSETCATALOG_COMPILER_GLOBAL_ACCENT_COLOR_NAME = AccentColor;
				CODE_SIGN_STYLE = Automatic;
				CURRENT_PROJECT_VERSION = 1;
				DEVELOPMENT_TEAM = MMAZQ8FWW6;
				GENERATE_INFOPLIST_FILE = YES;
				INFOPLIST_FILE = ReloadingAmmo/Info.plist;
				INFOPLIST_KEY_UIApplicationSupportsIndirectInputEvents = YES;
				INFOPLIST_KEY_UILaunchStoryboardName = LaunchScreen;
				INFOPLIST_KEY_UIMainStoryboardFile = Main;
				INFOPLIST_KEY_UISupportedInterfaceOrientations = "UIInterfaceOrientationPortrait UIInterfaceOrientationPortraitUpsideDown";
				INFOPLIST_KEY_UISupportedInterfaceOrientations_iPad = "UIInterfaceOrientationLandscapeLeft UIInterfaceOrientationLandscapeRight UIInterfaceOrientationPortrait UIInterfaceOrientationPortraitUpsideDown";
				LD_RUNPATH_SEARCH_PATHS = (
					"$(inherited)",
					"@executable_path/Frameworks",
				);
				MARKETING_VERSION = 1.0;
				PRODUCT_BUNDLE_IDENTIFIER = den.ReloadingAmmo;
				PRODUCT_NAME = "$(TARGET_NAME)";
				SUPPORTED_PLATFORMS = "iphoneos iphonesimulator";
				SUPPORTS_MACCATALYST = NO;
				SUPPORTS_MAC_DESIGNED_FOR_IPHONE_IPAD = NO;
				SWIFT_EMIT_LOC_STRINGS = YES;
				SWIFT_VERSION = 5.0;
				TARGETED_DEVICE_FAMILY = 1;
			};
			name = Release;
		};
/* End XCBuildConfiguration section */

/* Begin XCConfigurationList section */
		922E60B82983FDA600F2C30D /* Build configuration list for PBXProject "ReloadingAmmo" */ = {
			isa = XCConfigurationList;
			buildConfigurations = (
				922E60CF2983FDA700F2C30D /* Debug */,
				922E60D02983FDA700F2C30D /* Release */,
			);
			defaultConfigurationIsVisible = 0;
			defaultConfigurationName = Release;
		};
		922E60D12983FDA700F2C30D /* Build configuration list for PBXNativeTarget "ReloadingAmmo" */ = {
			isa = XCConfigurationList;
			buildConfigurations = (
				922E60D22983FDA700F2C30D /* Debug */,
				922E60D32983FDA700F2C30D /* Release */,
			);
			defaultConfigurationIsVisible = 0;
			defaultConfigurationName = Release;
		};
/* End XCConfigurationList section */
	};
	rootObject = 922E60B52983FDA600F2C30D /* Project object */;
}
